{
  "lockfileVersion": 1,
  "configVersion": 1,
  "workspaces": {
    "": {
      "name": "ocx-workspace-profile",
      "devDependencies": {
        "jsonc-parser": "3.3.1",
        "ocx": "2.0.14",
        "opencode-ai": "1.17.15",
      },
    },
  },
  "packages": {
    "ansi-regex": ["ansi-regex@6.3.0", "", {}, "sha512-WpDfL7NO6j7tH88IDBNVdUJxDh9nmCteAVW9dsep846XdwF4naCBK+/tGLX3KJgcpgMRXCFlTM2hKGoK9FsdrQ=="],

    "chalk": ["chalk@5.6.2", "", {}, "sha512-7NzBL0rN6fMUW+f7A6Io4h40qQlG+xGmtMxfbnH/K7TAtt8JQWVQK+6g0UXKMeVJoyV5EkkNsErQ8pVD3bLHbA=="],

    "cli-cursor": ["cli-cursor@5.0.0", "", { "dependencies": { "restore-cursor": "^5.0.0" } }, "sha512-aCj4O5wKyszjMmDT4tZj93kxyydN/K5zPWSCe6/0AV/AA1pqe5ZBIw0a2ZfPQV7lL5/yb5HsUreJ6UFAF1tEQw=="],

    "cli-spinners": ["cli-spinners@3.4.0", "", {}, "sha512-bXfOC4QcT1tKXGorxL3wbJm6XJPDqEnij2gQ2m7ESQuE+/z9YFIWnl/5RpTiKWbMq3EVKR4fRLJGn6DVfu0mpw=="],

    "commander": ["commander@14.0.3", "", {}, "sha512-H+y0Jo/T1RZ9qPP4Eh1pkcQcLRglraJaSLoyOtHxu6AapkjWVCy2Sit1QQ4x3Dng8qDlSsZEet7g5Pq06MvTgw=="],

    "fuzzysort": ["fuzzysort@3.1.0", "", {}, "sha512-sR9BNCjBg6LNgwvxlBd0sBABvQitkLzoVY9MYYROQVX/FvfJ4Mai9LsGhDgd8qYdds0bY77VzYd5iuB+v5rwQQ=="],

    "get-east-asian-width": ["get-east-asian-width@1.6.0", "", {}, "sha512-QRbvDIbx6YklUe6RxeTeleMR0yv3cYH6PsPZHcnVn7xv7zO1BHN8r0XETu8n6Ye3Q+ahtSarc3WgtNWmehIBfA=="],

    "is-interactive": ["is-interactive@2.0.0", "", {}, "sha512-qP1vozQRI+BMOPcjFzrjXuQvdak2pHNUMZoeG2eRbiSqyvbEf/wQtEOTOX1guk6E3t36RkaqiSt8A/6YElNxLQ=="],

    "is-unicode-supported": ["is-unicode-supported@2.1.0", "", {}, "sha512-mE00Gnza5EEB3Ds0HfMyllZzbBrmLOX3vfWoj9A9PEnTfratQ/BcaJOuMhnkhjXvb2+FkY3VuHqtAGpTPmglFQ=="],

    "jsonc-parser": ["jsonc-parser@3.3.1", "", {}, "sha512-HUgH65KyejrUFPvHFPbqOY0rsFip3Bo5wb4ngvdi1EpCYWUQDC5V+Y7mZws+DLkr4M//zQJoanu1SP+87Dv1oQ=="],

    "kleur": ["kleur@4.1.5", "", {}, "sha512-o+NO+8WrRiQEE4/7nwRJhN1HWpVmJm511pBHUxPLtp0BUISzlBplORYSmTclCnJvQq2tKu/sgl3xVpkc7ZWuQQ=="],

    "log-symbols": ["log-symbols@7.0.1", "", { "dependencies": { "is-unicode-supported": "^2.0.0", "yoctocolors": "^2.1.1" } }, "sha512-ja1E3yCr9i/0hmBVaM0bfwDjnGy8I/s6PP4DFp+yP+a+mrHO4Rm7DtmnqROTUkHIkqffC84YY7AeqX6oFk0WFg=="],

    "mimic-function": ["mimic-function@5.0.1", "", {}, "sha512-VP79XUPxV2CigYP3jWwAUFSku2aKqBH7uTAapFWCBqutsbmDo96KY5o8uh6U+/YSIn5OxJnXp73beVkpqMIGhA=="],

    "ocx": ["ocx@2.0.14", "", { "dependencies": { "commander": "^14.0.3", "fuzzysort": "^3.1.0", "jsonc-parser": "3.3.1", "kleur": "^4.1.5", "ora": "^9.3.0", "remeda": "^2.33.7", "zod": "^4.3.6" }, "bin": { "ocx": "dist/index.js" } }, "sha512-+Dw8BlF/U2iHiqS2GIE0mTTlONSufbmiYRVWjmvgykUjQxDjIvPfr3efU+ZHufjtAcsgEMKmp62V4flMj32OHw=="],

    "onetime": ["onetime@7.0.0", "", { "dependencies": { "mimic-function": "^5.0.0" } }, "sha512-VXJjc87FScF88uafS3JllDgvAm+c/Slfz06lorj2uAY34rlUu0Nt+v8wreiImcrgAjjIHp1rXpTDlLOGw29WwQ=="],

    "opencode-ai": ["opencode-ai@1.17.15", "", { "optionalDependencies": { "opencode-darwin-arm64": "1.17.15", "opencode-darwin-x64": "1.17.15", "opencode-darwin-x64-baseline": "1.17.15", "opencode-linux-arm64": "1.17.15", "opencode-linux-arm64-musl": "1.17.15", "opencode-linux-x64": "1.17.15", "opencode-linux-x64-baseline": "1.17.15", "opencode-linux-x64-baseline-musl": "1.17.15", "opencode-linux-x64-musl": "1.17.15", "opencode-windows-arm64": "1.17.15", "opencode-windows-x64": "1.17.15", "opencode-windows-x64-baseline": "1.17.15" }, "os": [ "linux", "win32", "darwin", ], "cpu": [ "x64", "arm64", ], "bin": { "opencode": "bin/opencode.exe" } }, "sha512-iM9c/ulim4kqiWliJhrAPwFD7o5wbnoqvg2iL7tzf7YM5Ytg7H7F81bUdFIegB6GQJSqbvEa9RnvDB7/CsCvSA=="],

    "opencode-darwin-arm64": ["opencode-darwin-arm64@1.17.15", "", { "os": "darwin", "cpu": "arm64" }, "sha512-OfC3+9fNXx1sMADuZKgnVQKaKXnDn3Pon0wzhDs4qLZ6WvOTPzgQtohlztzU3MNz6+p3t8RXtYF3AfTKrubNiQ=="],

    "opencode-darwin-x64": ["opencode-darwin-x64@1.17.15", "", { "os": "darwin", "cpu": "x64" }, "sha512-FwHay55Y1Cacdfg9JgW2Z69K0SfDrmkOWE+mP/C2zbhLYZbR1cyv1Fhh/pKMx5rydIJqMjd4ZNUNElwRqCn5yw=="],

    "opencode-darwin-x64-baseline": ["opencode-darwin-x64-baseline@1.17.15", "", { "os": "darwin", "cpu": "x64" }, "sha512-fQia93jsY9UnBqGnW1ZUMiMo8tJNVwSP4LfG0ZewwOse0tfXg/0ihzYCi+ZnMeF283tULa4Qz3m+QZZZ4gUj+w=="],

    "opencode-linux-arm64": ["opencode-linux-arm64@1.17.15", "", { "os": "linux", "cpu": "arm64" }, "sha512-UxKsYCFSFLRWOr8lRQy7R+7YKt0toaBbrMEgo+aKz2JQ8dLcuWDr8p++kZzbjMMn6eqfvUP1JVtjFJMcvSF0Tw=="],

    "opencode-linux-arm64-musl": ["opencode-linux-arm64-musl@1.17.15", "", { "os": "linux", "cpu": "arm64" }, "sha512-eTMangPt2s6lIgaECx0UUfgVNQYQ7py6stto8n8LhIZXZ1GpoJpSxk3F6vU0LeplCNms+hxsqacuTwniq/d3qA=="],

    "opencode-linux-x64": ["opencode-linux-x64@1.17.15", "", { "os": "linux", "cpu": "x64" }, "sha512-qFVYvLYGW4RElqrJ0mfhQJWFu4lYS/hwT/Izag+r4Q5EbmlLZcmnXOeA+tXkDjA6R2MCxL58NkNgs1QDM2bTqw=="],

    "opencode-linux-x64-baseline": ["opencode-linux-x64-baseline@1.17.15", "", { "os": "linux", "cpu": "x64" }, "sha512-jUPpE5SqnzOpgu+s0IrivU/UK3l7JKZtSuEKpgtrcdntAqZ7W0LtiUsCIo18d8ryubg3HSnGdmLZwesKdtpOSA=="],

    "opencode-linux-x64-baseline-musl": ["opencode-linux-x64-baseline-musl@1.17.15", "", { "os": "linux", "cpu": "x64" }, "sha512-CtKa0+aG1wjuPMvPoNqj0YNla9kyg38HmmlbBzOpsv1OWzEvWG0gtLlwDtXRsCobbt15euyGJMMfdsf90V3Dcg=="],

    "opencode-linux-x64-musl": ["opencode-linux-x64-musl@1.17.15", "", { "os": "linux", "cpu": "x64" }, "sha512-mzmfxauwNOlDyE4w1Q3srUX2HuMiCNj741nHPFRMPqog3kuJnnl/iyNeOdwp7dZYR9cscJKS14EOjBd5IEkC0w=="],

    "opencode-windows-arm64": ["opencode-windows-arm64@1.17.15", "", { "os": "win32", "cpu": "arm64" }, "sha512-Bhh8uMKJNa5ciiqrp/RVgGL6/BWyJaVF4DzquP2ft/vxY7FmOYGEhWFphI43HQzRReAZ4/4vw5+D5jo+AnpOyg=="],

    "opencode-windows-x64": ["opencode-windows-x64@1.17.15", "", { "os": "win32", "cpu": "x64" }, "sha512-7H1lFbecFZsL1MV6K+5f9eQ9Drpl+opAeHLBwJkUegVhc7KrloZN39W0wUsuHSmv8OjU/wh4fbEfv9MaDCt0fg=="],

    "opencode-windows-x64-baseline": ["opencode-windows-x64-baseline@1.17.15", "", { "os": "win32", "cpu": "x64" }, "sha512-yNUPhL3lj5HdIIU9j/C2GLVDk+qnbXJ780XV7NDHMBPrY1J6lZaSc9k3oIwXT1ffRyT+NeRt42gUEboO6W2+DQ=="],

    "ora": ["ora@9.4.1", "", { "dependencies": { "chalk": "^5.6.2", "cli-cursor": "^5.0.0", "cli-spinners": "^3.2.0", "is-interactive": "^2.0.0", "is-unicode-supported": "^2.1.0", "log-symbols": "^7.0.1", "stdin-discarder": "^0.3.2", "string-width": "^8.1.0" } }, "sha512-6VlU9MLXbjVQD04AZCMX28hVtA5bUoadvUqO76MUCVA0ilwJbMiHsITRPfyVm6p/BC0Av/BXMujx39WCe1LEqw=="],

    "remeda": ["remeda@2.42.0", "", {}, "sha512-wDnRk66DV3uXCvJ8yGVtgOtiaOJsyYlucaKWJKY9EAONW86I1OiYqtMbmVaUjv7M0qp4XiMBjJRamibvE8yA1Q=="],

    "restore-cursor": ["restore-cursor@5.1.0", "", { "dependencies": { "onetime": "^7.0.0", "signal-exit": "^4.1.0" } }, "sha512-oMA2dcrw6u0YfxJQXm342bFKX/E4sG9rbTzO9ptUcR/e8A33cHuvStiYOwH7fszkZlZ1z/ta9AAoPk2F4qIOHA=="],

    "signal-exit": ["signal-exit@4.1.0", "", {}, "sha512-bzyZ1e88w9O1iNJbKnOlvYTrWPDl46O1bG0D3XInv+9tkPrxrN8jUUTiFlDkkmKWgn1M6CfIA13SuGqOa9Korw=="],

    "stdin-discarder": ["stdin-discarder@0.3.2", "", {}, "sha512-eCPu1qRxPVkl5605OTWF8Wz40b4Mf45NY5LQmVPQ599knfs5QhASUm9GbJ5BDMDOXgrnh0wyEdvzmL//YMlw0A=="],

    "string-width": ["string-width@8.2.2", "", { "dependencies": { "get-east-asian-width": "^1.5.0", "strip-ansi": "^7.1.2" } }, "sha512-GaPUh5gfdrYzqeVNZvUfT23vYYxXzKYidUcnMtJg/3rxRV63EFZy3k6xfKlmfeJD0176lnUV/Usr3XcwSvFzpg=="],

    "strip-ansi": ["strip-ansi@7.2.0", "", { "dependencies": { "ansi-regex": "^6.2.2" } }, "sha512-yDPMNjp4WyfYBkHnjIRLfca1i6KMyGCtsVgoKe/z1+6vukgaENdgGBZt+ZmKPc4gavvEZ5OgHfHdrazhgNyG7w=="],

    "yoctocolors": ["yoctocolors@2.2.0", "", {}, "sha512-xYqdZFUK/VYazNl/oCDYN+3WloWQwMfZxBoiNt6qNyk+xfOdi598muWE42rNZFp1kNOiqW936q5RhUdnpqElSg=="],

    "zod": ["zod@4.4.3", "", {}, "sha512-ytENFjIJFl2UwYglde2jchW2Hwm4GJFLDiSXWdTrJQBIN9Fcyp7n4DhxJEiWNAJMV1/BqWfW/kkg71UDcHJyTQ=="],
  }
}
